
Microsoft Visual Studio Solution File, Format Version 12.00
# Visual Studio 15
VisualStudioVersion = 15.0.26127.3
MinimumVisualStudioVersion = 10.0.40219.1
Project("{FAE04EC0-301F-11D3-BF4B-00C04F79EFBC}") = "Klootzakken.Client", "Klootzakken.Client\KlootzakkenClient.csproj", "{C2F02860-277D-4755-9F02-78F91CD5C311}"
EndProject
Project("{FAE04EC0-301F-11D3-BF4B-00C04F79EFBC}") = "IO.Swagger", "..\GeneraterdApiEnv\csharp-client-generated\csharp-client\src\IO.Swagger\IO.Swagger.csproj", "{FE83999D-A31E-4A0E-ADAD-741486C6C9C4}"
EndProject
Global
	GlobalSection(SolutionConfigurationPlatforms) = preSolution
		Debug|Any CPU = Debug|Any CPU
		Release|Any CPU = Release|Any CPU
	EndGlobalSection
	GlobalSection(ProjectConfigurationPlatforms) = postSolution
		{C2F02860-277D-4755-9F02-78F91CD5C311}.Debug|Any CPU.ActiveCfg = Debug|Any CPU
		{C2F02860-277D-4755-9F02-78F91CD5C311}.Debug|Any CPU.Build.0 = Debug|Any CPU
		{C2F02860-277D-4755-9F02-78F91CD5C311}.Debug|Any CPU.Deploy.0 = Debug|Any CPU
		{C2F02860-277D-4755-9F02-78F91CD5C311}.Release|Any CPU.ActiveCfg = Release|Any CPU
		{C2F02860-277D-4755-9F02-78F91CD5C311}.Release|Any CPU.Build.0 = Release|Any CPU
		{C2F02860-277D-4755-9F02-78F91CD5C311}.Release|Any CPU.Deploy.0 = Release|Any CPU
		{FE83999D-A31E-4A0E-ADAD-741486C6C9C4}.Debug|Any CPU.ActiveCfg = Debug|Any CPU
		{FE83999D-A31E-4A0E-ADAD-741486C6C9C4}.Debug|Any CPU.Build.0 = Debug|Any CPU
		{FE83999D-A31E-4A0E-ADAD-741486C6C9C4}.Release|Any CPU.ActiveCfg = Release|Any CPU
		{FE83999D-A31E-4A0E-ADAD-741486C6C9C4}.Release|Any CPU.Build.0 = Release|Any CPU
	EndGlobalSection
	GlobalSection(SolutionProperties) = preSolution
		HideSolutionNode = FALSE
	EndGlobalSection
EndGlobal
